
Microsoft Visual Studio Solution File, Format Version 12.00
# Visual Studio Version 17
VisualStudioVersion = 17.5.002.0
MinimumVisualStudioVersion = 10.0.40219.1
Project("{9A19103F-16F7-4668-BE54-9A1E7A4F7556}") = "OmniMod", "OmniMod.csproj", "{30CFABEB-186B-42A9-9CAC-8C00F7522DAD}"
EndProject
Global
	GlobalSection(SolutionConfigurationPlatforms) = preSolution
		Debug|Any CPU = Debug|Any CPU
		Release|Any CPU = Release|Any CPU
	EndGlobalSection
	GlobalSection(ProjectConfigurationPlatforms) = postSolution
		{30CFABEB-186B-42A9-9CAC-8C00F7522DAD}.Debug|Any CPU.ActiveCfg = Debug|Any CPU
		{30CFABEB-186B-42A9-9CAC-8C00F7522DAD}.Debug|Any CPU.Build.0 = Debug|Any CPU
		{30CFABEB-186B-42A9-9CAC-8C00F7522DAD}.Release|Any CPU.ActiveCfg = Release|Any CPU
		{30CFABEB-186B-42A9-9CAC-8C00F7522DAD}.Release|Any CPU.Build.0 = Release|Any CPU
	EndGlobalSection
	GlobalSection(SolutionProperties) = preSolution
		HideSolutionNode = FALSE
	EndGlobalSection
	GlobalSection(ExtensibilityGlobals) = postSolution
		SolutionGuid = {8E97DC78-2B55-4780-A371-1119901D14E0}
	EndGlobalSection
EndGlobal
